{
  "lockfile_version": "1",
  "packages": {
    "docker@latest": {
      "last_modified": "2025-05-12T14:38:58Z",
      "resolved": "github:NixOS/nixpkgs/eaeed9530c76ce5f1d2d8232e08bec5e26f18ec1#docker",
      "source": "devbox-search",
      "version": "27.5.1",
      "systems": {
        "aarch64-darwin": {
          "outputs": [
            {
              "name": "out",
              "path": "/nix/store/53qkp2khfdbxzpnz27402n825y4rilrv-docker-27.5.1",
              "default": true
            }
          ],
          "store_path": "/nix/store/53qkp2khfdbxzpnz27402n825y4rilrv-docker-27.5.1"
        },
        "aarch64-linux": {
          "outputs": [
            {
              "name": "out",
              "path": "/nix/store/lm3kz20hr2pnnjk1z9r84zwrfx0lsd75-docker-27.5.1",
              "default": true
            }
          ],
          "store_path": "/nix/store/lm3kz20hr2pnnjk1z9r84zwrfx0lsd75-docker-27.5.1"
        },
        "x86_64-darwin": {
          "outputs": [
            {
              "name": "out",
              "path": "/nix/store/p5fmxjg20pfi6snk3wz9bn72l3plrib5-docker-27.5.1",
              "default": true
            }
          ],
          "store_path": "/nix/store/p5fmxjg20pfi6snk3wz9bn72l3plrib5-docker-27.5.1"
        },
        "x86_64-linux": {
          "outputs": [
            {
              "name": "out",
              "path": "/nix/store/qs45yy6048p2vxnvqg0iasfr7k26jimq-docker-27.5.1",
              "default": true
            }
          ],
          "store_path": "/nix/store/qs45yy6048p2vxnvqg0iasfr7k26jimq-docker-27.5.1"
        }
      }
    },
    "github:NixOS/nixpkgs/nixpkgs-unstable": {
      "last_modified": "2025-05-15T12:36:28Z",
      "resolved": "github:NixOS/nixpkgs/b1bebd0fe266bbd1820019612ead889e96a8fa2d?lastModified=1747312588&narHash=sha256-MmJvj6mlWzeRwKGLcwmZpKaOPZ5nJb%2F6al5CXqJsgjo%3D"
    },
    "gnumake@latest": {
      "last_modified": "2025-05-07T00:09:58Z",
      "resolved": "github:NixOS/nixpkgs/b3582c75c7f21ce0b429898980eddbbf05c68e55#gnumake",
      "source": "devbox-search",
      "version": "4.4.1",
      "systems": {
        "aarch64-darwin": {
          "outputs": [
            {
              "name": "out",
              "path": "/nix/store/3hl8ssj7sazxg0x02516f8mm16saiim5-gnumake-4.4.1",
              "default": true
            },
            {
              "name": "man",
              "path": "/nix/store/ikvwnic2lz5lfsgm8hk0yr2yk4nxv1xm-gnumake-4.4.1-man",
              "default": true
            },
            {
              "name": "info",
              "path": "/nix/store/2brilr7qpnz3c4ilcql44y2qbadggrpm-gnumake-4.4.1-info"
            }
          ],
          "store_path": "/nix/store/3hl8ssj7sazxg0x02516f8mm16saiim5-gnumake-4.4.1"
        },
        "aarch64-linux": {
          "outputs": [
            {
              "name": "out",
              "path": "/nix/store/1ymabcqmdrmjv0ismhkq94vydbkjym8a-gnumake-4.4.1",
              "default": true
            },
            {
              "name": "man",
              "path": "/nix/store/zl18hzc1qhzw0k6lpdb20f11llmjkk0p-gnumake-4.4.1-man",
              "default": true
            },
            {
              "name": "debug",
              "path": "/nix/store/49fma8wis2nn3nfbl0r100bjc0cn7xrr-gnumake-4.4.1-debug"
            },
            {
              "name": "info",
              "path": "/nix/store/b0bxdnmhcm5almpxysyygn3jm1j8505h-gnumake-4.4.1-info"
            }
          ],
          "store_path": "/nix/store/1ymabcqmdrmjv0ismhkq94vydbkjym8a-gnumake-4.4.1"
        },
        "x86_64-darwin": {
          "outputs": [
            {
              "name": "out",
              "path": "/nix/store/lsg4cjslzmddsjjhddwnbmgl5syccc8p-gnumake-4.4.1",
              "default": true
            },
            {
              "name": "man",
              "path": "/nix/store/air74g87mq4sxg7jjdmpg1y1ggfx0ynf-gnumake-4.4.1-man",
              "default": true
            },
            {
              "name": "info",
              "path": "/nix/store/iqriyv76n8974h471xykq47gi77p619z-gnumake-4.4.1-info"
            }
          ],
          "store_path": "/nix/store/lsg4cjslzmddsjjhddwnbmgl5syccc8p-gnumake-4.4.1"
        },
        "x86_64-linux": {
          "outputs": [
            {
              "name": "out",
              "path": "/nix/store/b06mfnanzy612jb0l1w410j2swyh7z3z-gnumake-4.4.1",
              "default": true
            },
            {
              "name": "man",
              "path": "/nix/store/99caf3j4qx34sjrgqv26prl8hjw5l619-gnumake-4.4.1-man",
              "default": true
            },
            {
              "name": "debug",
              "path": "/nix/store/yaf21q6z4814x6chqbzd2pd1nj3l41mj-gnumake-4.4.1-debug"
            },
            {
              "name": "info",
              "path": "/nix/store/40is9bzwymg67dvgk50r3xfkc80q6xnv-gnumake-4.4.1-info"
            }
          ],
          "store_path": "/nix/store/b06mfnanzy612jb0l1w410j2swyh7z3z-gnumake-4.4.1"
        }
      }
    },
    "kind@0.23.0": {
      "last_modified": "2024-08-14T11:41:26Z",
      "resolved": "github:NixOS/nixpkgs/0cb2fd7c59fed0cd82ef858cbcbdb552b9a33465#kind",
      "source": "devbox-search",
      "version": "0.23.0",
      "systems": {
        "aarch64-darwin": {
          "outputs": [
            {
              "name": "out",
              "path": "/nix/store/rl3mxy800109l52bvnyayhzkb2b7sagm-kind-0.23.0",
              "default": true
            }
          ],
          "store_path": "/nix/store/rl3mxy800109l52bvnyayhzkb2b7sagm-kind-0.23.0"
        },
        "aarch64-linux": {
          "outputs": [
            {
              "name": "out",
              "path": "/nix/store/0r4p2d590c17lczs03hviq94nhaqhana-kind-0.23.0",
              "default": true
            }
          ],
          "store_path": "/nix/store/0r4p2d590c17lczs03hviq94nhaqhana-kind-0.23.0"
        },
        "x86_64-darwin": {
          "outputs": [
            {
              "name": "out",
              "path": "/nix/store/krl3i2xmqvdldy76l8kvcyyz68azzp1b-kind-0.23.0",
              "default": true
            }
          ],
          "store_path": "/nix/store/krl3i2xmqvdldy76l8kvcyyz68azzp1b-kind-0.23.0"
        },
        "x86_64-linux": {
          "outputs": [
            {
              "name": "out",
              "path": "/nix/store/8215xk1j01md3qlzqxadpvmd27fndcw5-kind-0.23.0",
              "default": true
            }
          ],
          "store_path": "/nix/store/8215xk1j01md3qlzqxadpvmd27fndcw5-kind-0.23.0"
        }
      }
    },
    "kubectl@latest": {
      "last_modified": "2025-05-06T08:06:31Z",
      "resolved": "github:NixOS/nixpkgs/1cb1c02a6b1b7cf67e3d7731cbbf327a53da9679#kubectl",
      "source": "devbox-search",
      "version": "1.33.0",
      "systems": {
        "aarch64-darwin": {
          "outputs": [
            {
              "name": "out",
              "path": "/nix/store/5k5czmwrdmbwbi8rsl15cdhb54x9mi4k-kubectl-1.33.0",
              "default": true
            },
            {
              "name": "man",
              "path": "/nix/store/kha6fhqcqpl0cpazkz52y885zni2afnx-kubectl-1.33.0-man",
              "default": true
            },
            {
              "name": "convert",
              "path": "/nix/store/f607p0xxyvqmf48310avrngxzxi2wk92-kubectl-1.33.0-convert"
            }
          ],
          "store_path": "/nix/store/5k5czmwrdmbwbi8rsl15cdhb54x9mi4k-kubectl-1.33.0"
        },
        "aarch64-linux": {
          "outputs": [
            {
              "name": "out",
              "path": "/nix/store/7zg6c6ia3qvpl90xdpf8ky2wn2kcg42h-kubectl-1.33.0",
              "default": true
            },
            {
              "name": "man",
              "path": "/nix/store/4jh2hs3iawrsfbsih2ddzr42gbhbyixc-kubectl-1.33.0-man",
              "default": true
            },
            {
              "name": "convert",
              "path": "/nix/store/krdav16jc0jvrgpivgwyprkrpvfsmk5n-kubectl-1.33.0-convert"
            }
          ],
          "store_path": "/nix/store/7zg6c6ia3qvpl90xdpf8ky2wn2kcg42h-kubectl-1.33.0"
        },
        "x86_64-darwin": {
          "outputs": [
            {
              "name": "out",
              "path": "/nix/store/n8ip376v5r44s5h8cms7lsq0c8h4i1sc-kubectl-1.33.0",
              "default": true
            },
            {
              "name": "man",
              "path": "/nix/store/cl19l51iani6wk87yc01iqy3sq3rjkg5-kubectl-1.33.0-man",
              "default": true
            },
            {
              "name": "convert",
              "path": "/nix/store/m86c5vfd14rizpsibmfx234bsxh89739-kubectl-1.33.0-convert"
            }
          ],
          "store_path": "/nix/store/n8ip376v5r44s5h8cms7lsq0c8h4i1sc-kubectl-1.33.0"
        },
        "x86_64-linux": {
          "outputs": [
            {
              "name": "out",
              "path": "/nix/store/9rn354l23mr9kh840kn94c3p9bns4wd4-kubectl-1.33.0",
              "default": true
            },
            {
              "name": "man",
              "path": "/nix/store/sakg9rw3pdg0d0pbpjizvy8vcyydqxrc-kubectl-1.33.0-man",
              "default": true
            },
            {
              "name": "convert",
              "path": "/nix/store/8bs481ic0gwaa5m3qz6hqzxrxnskv3zw-kubectl-1.33.0-convert"
            }
          ],
          "store_path": "/nix/store/9rn354l23mr9kh840kn94c3p9bns4wd4-kubectl-1.33.0"
        }
      }
    },
    "sharutils@latest": {
      "last_modified": "2025-07-28T17:09:23Z",
      "resolved": "github:NixOS/nixpkgs/648f70160c03151bc2121d179291337ad6bc564b#sharutils",
      "source": "devbox-search",
      "version": "4.15.2",
      "systems": {
        "aarch64-darwin": {
          "outputs": [
            {
              "name": "out",
              "path": "/nix/store/pn5l8qgy69h8zmbn49xfnv3q1881gmr3-sharutils-4.15.2",
              "default": true
            }
          ],
          "store_path": "/nix/store/pn5l8qgy69h8zmbn49xfnv3q1881gmr3-sharutils-4.15.2"
        },
        "aarch64-linux": {
          "outputs": [
            {
              "name": "out",
              "path": "/nix/store/g5bmsi9h5p7jg9bc28pnqxygwdnp38kq-sharutils-4.15.2",
              "default": true
            }
          ],
          "store_path": "/nix/store/g5bmsi9h5p7jg9bc28pnqxygwdnp38kq-sharutils-4.15.2"
        },
        "x86_64-darwin": {
          "outputs": [
            {
              "name": "out",
              "path": "/nix/store/0znzh49fhc57zizkz8lzzhilfx97kfhg-sharutils-4.15.2",
              "default": true
            }
          ],
          "store_path": "/nix/store/0znzh49fhc57zizkz8lzzhilfx97kfhg-sharutils-4.15.2"
        },
        "x86_64-linux": {
          "outputs": [
            {
              "name": "out",
              "path": "/nix/store/i73avgvyx73dl7zf4f35k9br0yb0d4pp-sharutils-4.15.2",
              "default": true
            }
          ],
          "store_path": "/nix/store/i73avgvyx73dl7zf4f35k9br0yb0d4pp-sharutils-4.15.2"
        }
      }
    },
    "shellcheck@latest": {
      "last_modified": "2025-07-28T17:09:23Z",
      "resolved": "github:NixOS/nixpkgs/648f70160c03151bc2121d179291337ad6bc564b#shellcheck",
      "source": "devbox-search",
      "version": "0.10.0",
      "systems": {
        "aarch64-darwin": {
          "outputs": [
            {
              "name": "bin",
              "path": "/nix/store/3a2z1gjjws8i5jih5nl9qv8gigs0dd1a-shellcheck-0.10.0-bin",
              "default": true
            },
            {
              "name": "man",
              "path": "/nix/store/jh1bwqic2r17gycqka783ddqrdq4yfih-shellcheck-0.10.0-man",
              "default": true
            },
            {
              "name": "doc",
              "path": "/nix/store/a4six21byq4jxv2jxbgv0rqdagr0cd89-shellcheck-0.10.0-doc",
              "default": true
            },
            {
              "name": "out",
              "path": "/nix/store/avf1jjk5y72179cm3aljdx0rqdbxcasg-shellcheck-0.10.0"
            }
          ],
          "store_path": "/nix/store/3a2z1gjjws8i5jih5nl9qv8gigs0dd1a-shellcheck-0.10.0-bin"
        },
        "aarch64-linux": {
          "outputs": [
            {
              "name": "bin",
              "path": "/nix/store/01lx1jxzs82ka6xyxmsn2i59ii8x7mqz-shellcheck-0.10.0-bin",
              "default": true
            },
            {
              "name": "man",
              "path": "/nix/store/ysxil8f5r4qascqhpfb6ixb8p1sqpabl-shellcheck-0.10.0-man",
              "default": true
            },
            {
              "name": "doc",
              "path": "/nix/store/m7ym5mpdmy7xk22k92l4q83gy73pmb43-shellcheck-0.10.0-doc",
              "default": true
            },
            {
              "name": "out",
              "path": "/nix/store/4pndxn9cdcpxh7ip9rxn4kl9z2gkaxqa-shellcheck-0.10.0"
            }
          ],
          "store_path": "/nix/store/01lx1jxzs82ka6xyxmsn2i59ii8x7mqz-shellcheck-0.10.0-bin"
        },
        "x86_64-darwin": {
          "outputs": [
            {
              "name": "bin",
              "path": "/nix/store/012s7j4i0db7z6iikbpgkh0ymz5snpng-shellcheck-0.10.0-bin",
              "default": true
            },
            {
              "name": "man",
              "path": "/nix/store/rncrpamg4d8cfqrd1lsknnkm9v1dgqxz-shellcheck-0.10.0-man",
              "default": true
            },
            {
              "name": "doc",
              "path": "/nix/store/7y82z2xq5p47c2jcr6scl61j6pnkbqhn-shellcheck-0.10.0-doc",
              "default": true
            },
            {
              "name": "out",
              "path": "/nix/store/ff2gbs8ksqj8dxck7g8ay3fvar870zr5-shellcheck-0.10.0"
            }
          ],
          "store_path": "/nix/store/012s7j4i0db7z6iikbpgkh0ymz5snpng-shellcheck-0.10.0-bin"
        },
        "x86_64-linux": {
          "outputs": [
            {
              "name": "bin",
              "path": "/nix/store/c12rn8kf0w0wly8558lmr91avy1g4vi3-shellcheck-0.10.0-bin",
              "default": true
            },
            {
              "name": "man",
              "path": "/nix/store/djgab9b1gd17pwp34f2iknpdkhj4y7fw-shellcheck-0.10.0-man",
              "default": true
            },
            {
              "name": "doc",
              "path": "/nix/store/nvdwybbhwgan0jpp0k1krgnq25cvbjj9-shellcheck-0.10.0-doc",
              "default": true
            },
            {
              "name": "out",
              "path": "/nix/store/qlyi42pbmfqa84jh8b6yhr3gijhflkdr-shellcheck-0.10.0"
            }
          ],
          "store_path": "/nix/store/c12rn8kf0w0wly8558lmr91avy1g4vi3-shellcheck-0.10.0-bin"
        }
      }
    },
    "yamlfmt@latest": {
      "last_modified": "2025-05-06T08:06:31Z",
      "resolved": "github:NixOS/nixpkgs/1cb1c02a6b1b7cf67e3d7731cbbf327a53da9679#yamlfmt",
      "source": "devbox-search",
      "version": "0.16.0",
      "systems": {
        "aarch64-darwin": {
          "outputs": [
            {
              "name": "out",
              "path": "/nix/store/v5ql8px7l2mzdq0rld2wgwfpcdbb34ag-yamlfmt-0.16.0",
              "default": true
            }
          ],
          "store_path": "/nix/store/v5ql8px7l2mzdq0rld2wgwfpcdbb34ag-yamlfmt-0.16.0"
        },
        "aarch64-linux": {
          "outputs": [
            {
              "name": "out",
              "path": "/nix/store/ky4jpkfrzhw5i3cdpgzk3fv0748267ph-yamlfmt-0.16.0",
              "default": true
            }
          ],
          "store_path": "/nix/store/ky4jpkfrzhw5i3cdpgzk3fv0748267ph-yamlfmt-0.16.0"
        },
        "x86_64-darwin": {
          "outputs": [
            {
              "name": "out",
              "path": "/nix/store/m2gbxl1ysiax2jb52vggy6c32l3nd6xj-yamlfmt-0.16.0",
              "default": true
            }
          ],
          "store_path": "/nix/store/m2gbxl1ysiax2jb52vggy6c32l3nd6xj-yamlfmt-0.16.0"
        },
        "x86_64-linux": {
          "outputs": [
            {
              "name": "out",
              "path": "/nix/store/b79lhp33l52sg8lgdbbkn02gw9sl32sq-yamlfmt-0.16.0",
              "default": true
            }
          ],
          "store_path": "/nix/store/b79lhp33l52sg8lgdbbkn02gw9sl32sq-yamlfmt-0.16.0"
        }
      }
    }
  }
}
